
Microsoft Visual Studio Solution File, Format Version 12.00
# Visual Studio Version 17
VisualStudioVersion = 17.0.32014.148
MinimumVisualStudioVersion = 10.0.40219.1
Project("{9A19103F-16F7-4668-BE54-9A1E7A4F7556}") = "DIONYSOS.API", "DIONYSOS.API\DIONYSOS.API.csproj", "{A31179C1-FBEE-49F0-ADFC-7E368531F66C}"
EndProject
Global
	GlobalSection(SolutionConfigurationPlatforms) = preSolution
		Debug|Any CPU = Debug|Any CPU
		Release|Any CPU = Release|Any CPU
	EndGlobalSection
	GlobalSection(ProjectConfigurationPlatforms) = postSolution
		{A31179C1-FBEE-49F0-ADFC-7E368531F66C}.Debug|Any CPU.ActiveCfg = Debug|Any CPU
		{A31179C1-FBEE-49F0-ADFC-7E368531F66C}.Debug|Any CPU.Build.0 = Debug|Any CPU
		{A31179C1-FBEE-49F0-ADFC-7E368531F66C}.Release|Any CPU.ActiveCfg = Release|Any CPU
		{A31179C1-FBEE-49F0-ADFC-7E368531F66C}.Release|Any CPU.Build.0 = Release|Any CPU
	EndGlobalSection
	GlobalSection(SolutionProperties) = preSolution
		HideSolutionNode = FALSE
	EndGlobalSection
	GlobalSection(ExtensibilityGlobals) = postSolution
		SolutionGuid = {31DC5B74-F1AC-492F-BC0F-942BE0D54072}
	EndGlobalSection
EndGlobal
